
Microsoft Visual Studio Solution File, Format Version 12.00
# Visual Studio 15
VisualStudioVersion = 15.0.26228.9
MinimumVisualStudioVersion = 10.0.40219.1
Project("{FAE04EC0-301F-11D3-BF4B-00C04F79EFBC}") = "Products.API", "Products.API\Products.API.csproj", "{20AB69F9-F2D3-4A68-96C3-424EC8B9406E}"
EndProject
Project("{FAE04EC0-301F-11D3-BF4B-00C04F79EFBC}") = "Products.Test", "Products.Test\Products.Test.csproj", "{54BBAA1E-BDC1-4813-A757-432AD2105B6E}"
EndProject
Project("{FAE04EC0-301F-11D3-BF4B-00C04F79EFBC}") = "Products.Model", "Products.Model\Products.Model.csproj", "{C8A67814-C219-42E1-9FBA-7BCD6C82530E}"
EndProject
Project("{FAE04EC0-301F-11D3-BF4B-00C04F79EFBC}") = "Products.Entity", "Products.Entity\Products.Entity.csproj", "{FE3E2342-4695-40B5-ABA0-0E8FA0BD266E}"
EndProject
Project("{FAE04EC0-301F-11D3-BF4B-00C04F79EFBC}") = "Products.Repository", "Products.Repository\Products.Repository.csproj", "{0E281548-2237-4468-9061-EABD441B6901}"
EndProject
Project("{FAE04EC0-301F-11D3-BF4B-00C04F79EFBC}") = "Products.Service", "Products.Service\Products.Service.csproj", "{F4590894-3D19-4F28-8B9B-4F917E9A0DE9}"
EndProject
Global
	GlobalSection(SolutionConfigurationPlatforms) = preSolution
		Debug|Any CPU = Debug|Any CPU
		Release|Any CPU = Release|Any CPU
	EndGlobalSection
	GlobalSection(ProjectConfigurationPlatforms) = postSolution
		{20AB69F9-F2D3-4A68-96C3-424EC8B9406E}.Debug|Any CPU.ActiveCfg = Debug|Any CPU
		{20AB69F9-F2D3-4A68-96C3-424EC8B9406E}.Debug|Any CPU.Build.0 = Debug|Any CPU
		{20AB69F9-F2D3-4A68-96C3-424EC8B9406E}.Release|Any CPU.ActiveCfg = Release|Any CPU
		{20AB69F9-F2D3-4A68-96C3-424EC8B9406E}.Release|Any CPU.Build.0 = Release|Any CPU
		{54BBAA1E-BDC1-4813-A757-432AD2105B6E}.Debug|Any CPU.ActiveCfg = Debug|Any CPU
		{54BBAA1E-BDC1-4813-A757-432AD2105B6E}.Debug|Any CPU.Build.0 = Debug|Any CPU
		{54BBAA1E-BDC1-4813-A757-432AD2105B6E}.Release|Any CPU.ActiveCfg = Release|Any CPU
		{54BBAA1E-BDC1-4813-A757-432AD2105B6E}.Release|Any CPU.Build.0 = Release|Any CPU
		{C8A67814-C219-42E1-9FBA-7BCD6C82530E}.Debug|Any CPU.ActiveCfg = Debug|Any CPU
		{C8A67814-C219-42E1-9FBA-7BCD6C82530E}.Debug|Any CPU.Build.0 = Debug|Any CPU
		{C8A67814-C219-42E1-9FBA-7BCD6C82530E}.Release|Any CPU.ActiveCfg = Release|Any CPU
		{C8A67814-C219-42E1-9FBA-7BCD6C82530E}.Release|Any CPU.Build.0 = Release|Any CPU
		{FE3E2342-4695-40B5-ABA0-0E8FA0BD266E}.Debug|Any CPU.ActiveCfg = Debug|Any CPU
		{FE3E2342-4695-40B5-ABA0-0E8FA0BD266E}.Debug|Any CPU.Build.0 = Debug|Any CPU
		{FE3E2342-4695-40B5-ABA0-0E8FA0BD266E}.Release|Any CPU.ActiveCfg = Release|Any CPU
		{FE3E2342-4695-40B5-ABA0-0E8FA0BD266E}.Release|Any CPU.Build.0 = Release|Any CPU
		{0E281548-2237-4468-9061-EABD441B6901}.Debug|Any CPU.ActiveCfg = Debug|Any CPU
		{0E281548-2237-4468-9061-EABD441B6901}.Debug|Any CPU.Build.0 = Debug|Any CPU
		{0E281548-2237-4468-9061-EABD441B6901}.Release|Any CPU.ActiveCfg = Release|Any CPU
		{0E281548-2237-4468-9061-EABD441B6901}.Release|Any CPU.Build.0 = Release|Any CPU
		{F4590894-3D19-4F28-8B9B-4F917E9A0DE9}.Debug|Any CPU.ActiveCfg = Debug|Any CPU
		{F4590894-3D19-4F28-8B9B-4F917E9A0DE9}.Debug|Any CPU.Build.0 = Debug|Any CPU
		{F4590894-3D19-4F28-8B9B-4F917E9A0DE9}.Release|Any CPU.ActiveCfg = Release|Any CPU
		{F4590894-3D19-4F28-8B9B-4F917E9A0DE9}.Release|Any CPU.Build.0 = Release|Any CPU
	EndGlobalSection
	GlobalSection(SolutionProperties) = preSolution
		HideSolutionNode = FALSE
	EndGlobalSection
	GlobalSection(TeamFoundationVersionControl) = preSolution
		SccNumberOfProjects = 7
		SccEnterpriseProvider = {4CA58AB2-18FA-4F8D-95D4-32DDF27D184C}
		SccTeamFoundationServer = https://rodneycabahug.visualstudio.com/
		SccLocalPath0 = .
		SccProjectUniqueName1 = Products.API\\Products.API.csproj
		SccProjectName1 = Products.API
		SccLocalPath1 = Products.API
		SccProjectUniqueName2 = Products.Entity\\Products.Entity.csproj
		SccProjectName2 = Products.Entity
		SccLocalPath2 = Products.Entity
		SccProjectUniqueName3 = Products.Model\\Products.Model.csproj
		SccProjectName3 = Products.Model
		SccLocalPath3 = Products.Model
		SccProjectUniqueName4 = Products.Repository\\Products.Repository.csproj
		SccProjectName4 = Products.Repository
		SccLocalPath4 = Products.Repository
		SccProjectUniqueName5 = Products.Service\\Products.Service.csproj
		SccProjectName5 = Products.Service
		SccLocalPath5 = Products.Service
		SccProjectUniqueName6 = Products.Test\\Products.Test.csproj
		SccProjectName6 = Products.Test
		SccLocalPath6 = Products.Test
	EndGlobalSection
EndGlobal
